{
  "version": 4,
  "terraform_version": "1.16.0",
  "serial": 2,
  "lineage": "dd23945f-c7eb-443d-006e-de7d82d83f52",
  "outputs": {
    "ecr_repository_url": {
      "value": "591019227587.dkr.ecr.ap-south-1.amazonaws.com/backtest-upstox-app",
      "type": "string"
    }
  },
  "resources": [
    {
      "mode": "managed",
      "type": "aws_ecr_repository",
      "name": "backtest_repo",
      "provider": "provider[\"registry.terraform.io/hashicorp/aws\"]",
      "instances": [
        {
          "schema_version": 0,
          "attributes": {
            "arn": "arn:aws:ecr:ap-south-1:591019227587:repository/backtest-upstox-app",
            "encryption_configuration": [
              {
                "encryption_type": "KMS",
                "kms_key": "arn:aws:kms:ap-south-1:591019227587:key/a43c9180-a702-4582-b887-73c930a5525b"
              }
            ],
            "force_delete": null,
            "id": "backtest-upstox-app",
            "image_scanning_configuration": [
              {
                "scan_on_push": true
              }
            ],
            "image_tag_mutability": "MUTABLE",
            "name": "backtest-upstox-app",
            "registry_id": "591019227587",
            "repository_url": "591019227587.dkr.ecr.ap-south-1.amazonaws.com/backtest-upstox-app",
            "tags": {
              "Environment": "Development",
              "Project": "Backtest-Automation"
            },
            "tags_all": {
              "Environment": "Development",
              "Project": "Backtest-Automation"
            },
            "timeouts": null
          },
          "sensitive_attributes": [],
          "identity_schema_version": 0,
          "private": "eyJlMmJmYjczMC1lY2FhLTExZTYtOGY4OC0zNDM2M2JjN2M0YzAiOnsiZGVsZXRlIjoxMjAwMDAwMDAwMDAwfX0="
        }
      ]
    }
  ],
  "check_results": null
}
